
Microsoft Visual Studio Solution File, Format Version 12.00
# Visual Studio Version 16
VisualStudioVersion = 16.0.31702.278
MinimumVisualStudioVersion = 10.0.40219.1
Project("{9A19103F-16F7-4668-BE54-9A1E7A4F7556}") = "AARC001_LIDAR_ROOF_EXTRACTOR", "AARC001_LIDAR_ROOF_EXTRACTOR\AARC001_LIDAR_ROOF_EXTRACTOR.csproj", "{C09D33A0-C7B5-4FBE-AE9D-3BB7357E75C2}"
EndProject
Global
	GlobalSection(SolutionConfigurationPlatforms) = preSolution
		Debug|Any CPU = Debug|Any CPU
		Release|Any CPU = Release|Any CPU
	EndGlobalSection
	GlobalSection(ProjectConfigurationPlatforms) = postSolution
		{C09D33A0-C7B5-4FBE-AE9D-3BB7357E75C2}.Debug|Any CPU.ActiveCfg = Debug|Any CPU
		{C09D33A0-C7B5-4FBE-AE9D-3BB7357E75C2}.Debug|Any CPU.Build.0 = Debug|Any CPU
		{C09D33A0-C7B5-4FBE-AE9D-3BB7357E75C2}.Release|Any CPU.ActiveCfg = Release|Any CPU
		{C09D33A0-C7B5-4FBE-AE9D-3BB7357E75C2}.Release|Any CPU.Build.0 = Release|Any CPU
	EndGlobalSection
	GlobalSection(SolutionProperties) = preSolution
		HideSolutionNode = FALSE
	EndGlobalSection
	GlobalSection(ExtensibilityGlobals) = postSolution
		SolutionGuid = {462A4539-7461-40C2-ABE7-8B4847449001}
	EndGlobalSection
EndGlobal
